
Microsoft Visual Studio Solution File, Format Version 12.00
# Visual Studio Version 17
VisualStudioVersion = 17.4.33110.190
MinimumVisualStudioVersion = 10.0.40219.1
Project("{FAE04EC0-301F-11D3-BF4B-00C04F79EFBC}") = "ConsoleApp4", "ConsoleApp4\ConsoleApp4.csproj", "{EC0A5FA4-4E8E-46D7-AED3-0308606DDB0A}"
EndProject
Global
	GlobalSection(SolutionConfigurationPlatforms) = preSolution
		Debug|Any CPU = Debug|Any CPU
		Release|Any CPU = Release|Any CPU
	EndGlobalSection
	GlobalSection(ProjectConfigurationPlatforms) = postSolution
		{EC0A5FA4-4E8E-46D7-AED3-0308606DDB0A}.Debug|Any CPU.ActiveCfg = Debug|Any CPU
		{EC0A5FA4-4E8E-46D7-AED3-0308606DDB0A}.Debug|Any CPU.Build.0 = Debug|Any CPU
		{EC0A5FA4-4E8E-46D7-AED3-0308606DDB0A}.Release|Any CPU.ActiveCfg = Release|Any CPU
		{EC0A5FA4-4E8E-46D7-AED3-0308606DDB0A}.Release|Any CPU.Build.0 = Release|Any CPU
	EndGlobalSection
	GlobalSection(SolutionProperties) = preSolution
		HideSolutionNode = FALSE
	EndGlobalSection
	GlobalSection(ExtensibilityGlobals) = postSolution
		SolutionGuid = {766B997C-9B60-4CAF-BD0A-DD6026118AF6}
	EndGlobalSection
EndGlobal
